
Microsoft Visual Studio Solution File, Format Version 12.00
# Visual Studio Version 17
VisualStudioVersion = 17.14.36623.8 d17.14
MinimumVisualStudioVersion = 10.0.40219.1
Project("{FAE04EC0-301F-11D3-BF4B-00C04F79EFBC}") = "WebApplication1", "WebApplication1.csproj", "{5DD5CE1E-F094-4805-B2ED-D82D31E7B24B}"
EndProject
Global
	GlobalSection(SolutionConfigurationPlatforms) = preSolution
		Debug|Any CPU = Debug|Any CPU
		Release|Any CPU = Release|Any CPU
	EndGlobalSection
	GlobalSection(ProjectConfigurationPlatforms) = postSolution
		{5DD5CE1E-F094-4805-B2ED-D82D31E7B24B}.Debug|Any CPU.ActiveCfg = Debug|Any CPU
		{5DD5CE1E-F094-4805-B2ED-D82D31E7B24B}.Debug|Any CPU.Build.0 = Debug|Any CPU
		{5DD5CE1E-F094-4805-B2ED-D82D31E7B24B}.Release|Any CPU.ActiveCfg = Release|Any CPU
		{5DD5CE1E-F094-4805-B2ED-D82D31E7B24B}.Release|Any CPU.Build.0 = Release|Any CPU
	EndGlobalSection
	GlobalSection(SolutionProperties) = preSolution
		HideSolutionNode = FALSE
	EndGlobalSection
	GlobalSection(ExtensibilityGlobals) = postSolution
		SolutionGuid = {4AE32EFC-BAD8-4F2F-93C3-76D6F69400A8}
	EndGlobalSection
EndGlobal
